{
  "name": "vuexfirestoresync",
  "version": "1.0.0",
  "lockfileVersion": 2,
  "requires": true,
  "packages": {
    "": {
      "name": "vuexfirestoresync",
      "version": "1.0.0",
      "license": "ISC",
      "dependencies": {
        "index9": "^1.0.3"
      }
    },
    "node_modules/index9": {
      "version": "1.0.3",
      "resolved": "https://registry.npmjs.org/index9/-/index9-1.0.3.tgz",
      "integrity": "sha512-BeXFYPXmc5jT8uKC/FDRYuNWqXKgpOOssE6HPLqRFbPEbBy82yaijVu9swpbvB6WXmRBptmpYgZoHhMkNOJfiw==",
      "dependencies": {
        "lodash": "^4.17.21"
      }
    },
    "node_modules/lodash": {
      "version": "4.17.21",
      "resolved": "https://registry.npmjs.org/lodash/-/lodash-4.17.21.tgz",
      "integrity": "sha512-v2kDEe57lecTulaDIuNTPy3Ry4gLGJ6Z1O3vE1krgXZNrsQ+LFTGHVxVjcXPs17LhbZVGedAJv8XZ1tvj5FvSg=="
    }
  },
  "dependencies": {
    "index9": {
      "version": "1.0.3",
      "resolved": "https://registry.npmjs.org/index9/-/index9-1.0.3.tgz",
      "integrity": "sha512-BeXFYPXmc5jT8uKC/FDRYuNWqXKgpOOssE6HPLqRFbPEbBy82yaijVu9swpbvB6WXmRBptmpYgZoHhMkNOJfiw==",
      "requires": {
        "lodash": "^4.17.21"
      }
    },
    "lodash": {
      "version": "4.17.21",
      "resolved": "https://registry.npmjs.org/lodash/-/lodash-4.17.21.tgz",
      "integrity": "sha512-v2kDEe57lecTulaDIuNTPy3Ry4gLGJ6Z1O3vE1krgXZNrsQ+LFTGHVxVjcXPs17LhbZVGedAJv8XZ1tvj5FvSg=="
    }
  }
}
